<?xml version="1.0" encoding="UTF-8" standalone="yes" ?>
<CodeBlocks_project_file>
	<FileVersion major="1" minor="6" />
	<Project>
		<Option title="Functions" />
		<Option pch_mode="2" />
		<Option compiler="gcc" />
		<Build>
			<Target title="Debug">
				<Option output="..\__bin\Debug\shader1" prefix_auto="1" extension_auto="1" />
				<Option object_output="..\__obj\Debug\" />
				<Option type="1" />
				<Option working_dir="../" />
				<Option compiler="gcc" />
				<Compiler>
					<Add option="-g" />
				</Compiler>
			</Target>
			<Target title="Release">
				<Option output="..\__bin\Release\shader1" prefix_auto="1" extension_auto="1" />
				<Option object_output="..\__obj\Release\" />
				<Option working_dir="../" />
				<Option type="0" />
				<Option compiler="gcc" />
				<Compiler>
					<Add option="-O2" />
				</Compiler>
				<Linker>
					<Add option="-s" />
				</Linker>
			</Target>
		</Build>
		<Compiler>
			<Add option="-Wall" />
			<Add directory="include" />
		</Compiler>
		<Linker>
			<Add library="..\lib\libglew32.a" />
			<Add library="..\lib\libglew32.dll.a" />
			<Add library="..\lib\libglu32.a" />
			<Add library="..\lib\libglut32.a" />
			<Add library="..\lib\libopengl32.a" />
		</Linker>
		<Unit filename="src\func.frag" />
		<Unit filename="src\func.vert" />
		<Unit filename="src\glsl.cpp" />
		<Unit filename="src\glsl.h" />
		<Unit filename="src\main.cpp" />
		<Extensions>
			<code_completion />
			<debugger />
		</Extensions>
	</Project>
</CodeBlocks_project_file>
