
Microsoft Visual Studio Solution File, Format Version 11.00
# Visual Studio 2010
Project("{8BC9CEB8-8B4A-11D0-8D11-00A0C91BC942}") = "ObjLoader", "ObjLoader\ObjLoader.vcxproj", "{F3A724DD-02A9-4975-B486-90E4A2B1DD99}"
EndProject
Global
	GlobalSection(SolutionConfigurationPlatforms) = preSolution
		Debug|Win32 = Debug|Win32
		Release|Win32 = Release|Win32
	EndGlobalSection
	GlobalSection(ProjectConfigurationPlatforms) = postSolution
		{F3A724DD-02A9-4975-B486-90E4A2B1DD99}.Debug|Win32.ActiveCfg = Debug|Win32
		{F3A724DD-02A9-4975-B486-90E4A2B1DD99}.Debug|Win32.Build.0 = Debug|Win32
		{F3A724DD-02A9-4975-B486-90E4A2B1DD99}.Release|Win32.ActiveCfg = Release|Win32
		{F3A724DD-02A9-4975-B486-90E4A2B1DD99}.Release|Win32.Build.0 = Release|Win32
	EndGlobalSection
	GlobalSection(SolutionProperties) = preSolution
		HideSolutionNode = FALSE
	EndGlobalSection
EndGlobal
